
Microsoft Visual Studio Solution File, Format Version 12.00
# Visual Studio 2013
VisualStudioVersion = 12.0.31101.0
MinimumVisualStudioVersion = 10.0.40219.1
Project("{FAE04EC0-301F-11D3-BF4B-00C04F79EFBC}") = "AsimovDeploy.Annotations.Agent", "src\AsimovDeploy.Annotations.Agent\AsimovDeploy.Annotations.Agent.csproj", "{FED92498-E135-4CF0-8B37-AC9618C1D02A}"
EndProject
Project("{FAE04EC0-301F-11D3-BF4B-00C04F79EFBC}") = "AsimovDeploy.Annotations.IntegrationTest", "src\AsimovDeploy.Annotations.IntegrationTest\AsimovDeploy.Annotations.IntegrationTest.csproj", "{455443A1-71C9-4DA3-BE28-4313F053932E}"
EndProject
Project("{FAE04EC0-301F-11D3-BF4B-00C04F79EFBC}") = "AsimovDeploy.Annotations.Test", "src\AsimovDeploy.Annotations.Test\AsimovDeploy.Annotations.Test.csproj", "{EDB65399-C65A-4A4F-A798-9E79F30969C5}"
EndProject
Project("{FAE04EC0-301F-11D3-BF4B-00C04F79EFBC}") = "AsimovDeploy.Annotations.Updater", "src\AsimovDeploy.Annotations.Updater\AsimovDeploy.Annotations.Updater.csproj", "{F8C1D7B6-EBBA-4A3E-B18F-4B01579D7E4B}"
EndProject
Project("{FAE04EC0-301F-11D3-BF4B-00C04F79EFBC}") = "AsimovDeploy.Annotations.Simulator", "AsimovDeploy.Annotations.Simulator\AsimovDeploy.Annotations.Simulator.csproj", "{C016C106-6318-4019-AF63-05EBD16C918D}"
EndProject
Global
	GlobalSection(SolutionConfigurationPlatforms) = preSolution
		Debug|Any CPU = Debug|Any CPU
		Debug|Mixed Platforms = Debug|Mixed Platforms
		Debug|x86 = Debug|x86
		Release|Any CPU = Release|Any CPU
		Release|Mixed Platforms = Release|Mixed Platforms
		Release|x86 = Release|x86
	EndGlobalSection
	GlobalSection(ProjectConfigurationPlatforms) = postSolution
		{FED92498-E135-4CF0-8B37-AC9618C1D02A}.Debug|Any CPU.ActiveCfg = Debug|x86
		{FED92498-E135-4CF0-8B37-AC9618C1D02A}.Debug|Mixed Platforms.ActiveCfg = Debug|x86
		{FED92498-E135-4CF0-8B37-AC9618C1D02A}.Debug|Mixed Platforms.Build.0 = Debug|x86
		{FED92498-E135-4CF0-8B37-AC9618C1D02A}.Debug|x86.ActiveCfg = Debug|x86
		{FED92498-E135-4CF0-8B37-AC9618C1D02A}.Debug|x86.Build.0 = Debug|x86
		{FED92498-E135-4CF0-8B37-AC9618C1D02A}.Release|Any CPU.ActiveCfg = Release|x86
		{FED92498-E135-4CF0-8B37-AC9618C1D02A}.Release|Mixed Platforms.ActiveCfg = Release|x86
		{FED92498-E135-4CF0-8B37-AC9618C1D02A}.Release|Mixed Platforms.Build.0 = Release|x86
		{FED92498-E135-4CF0-8B37-AC9618C1D02A}.Release|x86.ActiveCfg = Release|x86
		{FED92498-E135-4CF0-8B37-AC9618C1D02A}.Release|x86.Build.0 = Release|x86
		{455443A1-71C9-4DA3-BE28-4313F053932E}.Debug|Any CPU.ActiveCfg = Debug|Any CPU
		{455443A1-71C9-4DA3-BE28-4313F053932E}.Debug|Any CPU.Build.0 = Debug|Any CPU
		{455443A1-71C9-4DA3-BE28-4313F053932E}.Debug|Mixed Platforms.ActiveCfg = Debug|Any CPU
		{455443A1-71C9-4DA3-BE28-4313F053932E}.Debug|Mixed Platforms.Build.0 = Debug|Any CPU
		{455443A1-71C9-4DA3-BE28-4313F053932E}.Debug|x86.ActiveCfg = Debug|Any CPU
		{455443A1-71C9-4DA3-BE28-4313F053932E}.Release|Any CPU.ActiveCfg = Release|Any CPU
		{455443A1-71C9-4DA3-BE28-4313F053932E}.Release|Any CPU.Build.0 = Release|Any CPU
		{455443A1-71C9-4DA3-BE28-4313F053932E}.Release|Mixed Platforms.ActiveCfg = Release|Any CPU
		{455443A1-71C9-4DA3-BE28-4313F053932E}.Release|Mixed Platforms.Build.0 = Release|Any CPU
		{455443A1-71C9-4DA3-BE28-4313F053932E}.Release|x86.ActiveCfg = Release|Any CPU
		{EDB65399-C65A-4A4F-A798-9E79F30969C5}.Debug|Any CPU.ActiveCfg = Debug|Any CPU
		{EDB65399-C65A-4A4F-A798-9E79F30969C5}.Debug|Any CPU.Build.0 = Debug|Any CPU
		{EDB65399-C65A-4A4F-A798-9E79F30969C5}.Debug|Mixed Platforms.ActiveCfg = Debug|Any CPU
		{EDB65399-C65A-4A4F-A798-9E79F30969C5}.Debug|Mixed Platforms.Build.0 = Debug|Any CPU
		{EDB65399-C65A-4A4F-A798-9E79F30969C5}.Debug|x86.ActiveCfg = Debug|Any CPU
		{EDB65399-C65A-4A4F-A798-9E79F30969C5}.Release|Any CPU.ActiveCfg = Release|Any CPU
		{EDB65399-C65A-4A4F-A798-9E79F30969C5}.Release|Any CPU.Build.0 = Release|Any CPU
		{EDB65399-C65A-4A4F-A798-9E79F30969C5}.Release|Mixed Platforms.ActiveCfg = Release|Any CPU
		{EDB65399-C65A-4A4F-A798-9E79F30969C5}.Release|Mixed Platforms.Build.0 = Release|Any CPU
		{EDB65399-C65A-4A4F-A798-9E79F30969C5}.Release|x86.ActiveCfg = Release|Any CPU
		{F8C1D7B6-EBBA-4A3E-B18F-4B01579D7E4B}.Debug|Any CPU.ActiveCfg = Debug|Any CPU
		{F8C1D7B6-EBBA-4A3E-B18F-4B01579D7E4B}.Debug|Any CPU.Build.0 = Debug|Any CPU
		{F8C1D7B6-EBBA-4A3E-B18F-4B01579D7E4B}.Debug|Mixed Platforms.ActiveCfg = Debug|Any CPU
		{F8C1D7B6-EBBA-4A3E-B18F-4B01579D7E4B}.Debug|Mixed Platforms.Build.0 = Debug|Any CPU
		{F8C1D7B6-EBBA-4A3E-B18F-4B01579D7E4B}.Debug|x86.ActiveCfg = Debug|Any CPU
		{F8C1D7B6-EBBA-4A3E-B18F-4B01579D7E4B}.Release|Any CPU.ActiveCfg = Release|Any CPU
		{F8C1D7B6-EBBA-4A3E-B18F-4B01579D7E4B}.Release|Any CPU.Build.0 = Release|Any CPU
		{F8C1D7B6-EBBA-4A3E-B18F-4B01579D7E4B}.Release|Mixed Platforms.ActiveCfg = Release|Any CPU
		{F8C1D7B6-EBBA-4A3E-B18F-4B01579D7E4B}.Release|x86.ActiveCfg = Release|Any CPU
		{C016C106-6318-4019-AF63-05EBD16C918D}.Debug|Any CPU.ActiveCfg = Debug|Any CPU
		{C016C106-6318-4019-AF63-05EBD16C918D}.Debug|Any CPU.Build.0 = Debug|Any CPU
		{C016C106-6318-4019-AF63-05EBD16C918D}.Debug|Mixed Platforms.ActiveCfg = Debug|Any CPU
		{C016C106-6318-4019-AF63-05EBD16C918D}.Debug|Mixed Platforms.Build.0 = Debug|Any CPU
		{C016C106-6318-4019-AF63-05EBD16C918D}.Debug|x86.ActiveCfg = Debug|Any CPU
		{C016C106-6318-4019-AF63-05EBD16C918D}.Release|Any CPU.ActiveCfg = Release|Any CPU
		{C016C106-6318-4019-AF63-05EBD16C918D}.Release|Any CPU.Build.0 = Release|Any CPU
		{C016C106-6318-4019-AF63-05EBD16C918D}.Release|Mixed Platforms.ActiveCfg = Release|Any CPU
		{C016C106-6318-4019-AF63-05EBD16C918D}.Release|Mixed Platforms.Build.0 = Release|Any CPU
		{C016C106-6318-4019-AF63-05EBD16C918D}.Release|x86.ActiveCfg = Release|Any CPU
	EndGlobalSection
	GlobalSection(SolutionProperties) = preSolution
		HideSolutionNode = FALSE
	EndGlobalSection
EndGlobal
